{
  "name": "client-app",
  "version": "0.0.0",
  "dependencies": {
    "di": {
      "version": "2.0.0-pre-11",
      "from": "di@git://github.com/angular/di.js#a3130ef87a",
      "resolved": "git://github.com/angular/di.js#a3130ef87acec9d0c6f65cb182274648b6f3d3a1"
    },
    "zone.js": {
      "version": "0.3.0",
      "from": "zone.js@git://github.com/angular/zone.js#74947b6f509b",
      "resolved": "git://github.com/angular/zone.js#74947b6f509bc7272fc3d2de562dbd8e981b00a1"
    }
  }
}
